
Microsoft Visual Studio Solution File, Format Version 12.00
# Visual Studio Version 16
VisualStudioVersion = 16.0.31624.102
MinimumVisualStudioVersion = 10.0.40219.1
Project("{FAE04EC0-301F-11D3-BF4B-00C04F79EFBC}") = "Clicker - Lyrex", "Clicker - Lyrex\Clicker - Lyrex.csproj", "{8F5CB6AE-DCCE-4480-8F1B-5C8401B36483}"
EndProject
Global
	GlobalSection(SolutionConfigurationPlatforms) = preSolution
		Debug|Any CPU = Debug|Any CPU
		Release|Any CPU = Release|Any CPU
	EndGlobalSection
	GlobalSection(ProjectConfigurationPlatforms) = postSolution
		{8F5CB6AE-DCCE-4480-8F1B-5C8401B36483}.Debug|Any CPU.ActiveCfg = Debug|Any CPU
		{8F5CB6AE-DCCE-4480-8F1B-5C8401B36483}.Debug|Any CPU.Build.0 = Debug|Any CPU
		{8F5CB6AE-DCCE-4480-8F1B-5C8401B36483}.Release|Any CPU.ActiveCfg = Release|Any CPU
		{8F5CB6AE-DCCE-4480-8F1B-5C8401B36483}.Release|Any CPU.Build.0 = Release|Any CPU
	EndGlobalSection
	GlobalSection(SolutionProperties) = preSolution
		HideSolutionNode = FALSE
	EndGlobalSection
	GlobalSection(ExtensibilityGlobals) = postSolution
		SolutionGuid = {3B12CB93-BE51-446D-9E8F-F70EA38218B2}
	EndGlobalSection
EndGlobal
